
Microsoft Visual Studio Solution File, Format Version 12.00
# Visual Studio Version 17
VisualStudioVersion = 17.13.35507.96 d17.13
MinimumVisualStudioVersion = 10.0.40219.1
Project("{9A19103F-16F7-4668-BE54-9A1E7A4F7556}") = "AssimpNet", "AssimpNet\AssimpNet.csproj", "{EAB14BD7-4180-407A-BB55-D67C9D32F9FE}"
EndProject
Project("{9A19103F-16F7-4668-BE54-9A1E7A4F7556}") = "AssimpNet.Sample", "AssimpNet.Sample\AssimpNet.Sample.csproj", "{7EB942AE-787E-4E61-9C71-B868F4C2B53C}"
EndProject
Project("{9A19103F-16F7-4668-BE54-9A1E7A4F7556}") = "AssimpNet.Test", "AssimpNet.Test\AssimpNet.Test.csproj", "{5C5206C9-691B-4C17-B4E1-E34F40AAC1D3}"
EndProject
Project("{FAE04EC0-301F-11D3-BF4B-00C04F79EFBC}") = "AssimpNet.Generator", "AssimpNet.Generator\AssimpNet.Generator.csproj", "{8C6E268F-85B1-40C5-ADB4-BEE7DEE5E528}"
EndProject
Project("{FAE04EC0-301F-11D3-BF4B-00C04F79EFBC}") = "AssimpNet.Unmanaged", "AssimpNet.Unmanaged\AssimpNet.Unmanaged.csproj", "{8B28BCB7-5FEF-44FE-9E7A-DD3CCDA6C645}"
EndProject
Global
	GlobalSection(SolutionConfigurationPlatforms) = preSolution
		Debug|Any CPU = Debug|Any CPU
		Release|Any CPU = Release|Any CPU
	EndGlobalSection
	GlobalSection(ProjectConfigurationPlatforms) = postSolution
		{EAB14BD7-4180-407A-BB55-D67C9D32F9FE}.Debug|Any CPU.ActiveCfg = Debug|Any CPU
		{EAB14BD7-4180-407A-BB55-D67C9D32F9FE}.Debug|Any CPU.Build.0 = Debug|Any CPU
		{EAB14BD7-4180-407A-BB55-D67C9D32F9FE}.Release|Any CPU.ActiveCfg = Release|Any CPU
		{EAB14BD7-4180-407A-BB55-D67C9D32F9FE}.Release|Any CPU.Build.0 = Release|Any CPU
		{7EB942AE-787E-4E61-9C71-B868F4C2B53C}.Debug|Any CPU.ActiveCfg = Debug|Any CPU
		{7EB942AE-787E-4E61-9C71-B868F4C2B53C}.Debug|Any CPU.Build.0 = Debug|Any CPU
		{7EB942AE-787E-4E61-9C71-B868F4C2B53C}.Release|Any CPU.ActiveCfg = Release|Any CPU
		{7EB942AE-787E-4E61-9C71-B868F4C2B53C}.Release|Any CPU.Build.0 = Release|Any CPU
		{5C5206C9-691B-4C17-B4E1-E34F40AAC1D3}.Debug|Any CPU.ActiveCfg = Debug|Any CPU
		{5C5206C9-691B-4C17-B4E1-E34F40AAC1D3}.Debug|Any CPU.Build.0 = Debug|Any CPU
		{5C5206C9-691B-4C17-B4E1-E34F40AAC1D3}.Release|Any CPU.ActiveCfg = Release|Any CPU
		{5C5206C9-691B-4C17-B4E1-E34F40AAC1D3}.Release|Any CPU.Build.0 = Release|Any CPU
		{8C6E268F-85B1-40C5-ADB4-BEE7DEE5E528}.Debug|Any CPU.ActiveCfg = Debug|Any CPU
		{8C6E268F-85B1-40C5-ADB4-BEE7DEE5E528}.Debug|Any CPU.Build.0 = Debug|Any CPU
		{8C6E268F-85B1-40C5-ADB4-BEE7DEE5E528}.Release|Any CPU.ActiveCfg = Release|Any CPU
		{8C6E268F-85B1-40C5-ADB4-BEE7DEE5E528}.Release|Any CPU.Build.0 = Release|Any CPU
		{8B28BCB7-5FEF-44FE-9E7A-DD3CCDA6C645}.Debug|Any CPU.ActiveCfg = Debug|Any CPU
		{8B28BCB7-5FEF-44FE-9E7A-DD3CCDA6C645}.Debug|Any CPU.Build.0 = Debug|Any CPU
		{8B28BCB7-5FEF-44FE-9E7A-DD3CCDA6C645}.Release|Any CPU.ActiveCfg = Release|Any CPU
		{8B28BCB7-5FEF-44FE-9E7A-DD3CCDA6C645}.Release|Any CPU.Build.0 = Release|Any CPU
	EndGlobalSection
	GlobalSection(SolutionProperties) = preSolution
		HideSolutionNode = FALSE
	EndGlobalSection
	GlobalSection(ExtensibilityGlobals) = postSolution
		SolutionGuid = {82178254-BD0C-4F73-95D9-AB00C72F3EDB}
	EndGlobalSection
EndGlobal
